
Microsoft Visual Studio Solution File, Format Version 11.00
# Visual Studio 2010
Project("{FAE04EC0-301F-11D3-BF4B-00C04F79EFBC}") = "AstarPathfindingProject", "AstarPathfindingProject.csproj", "{46E9F6DA-BEAA-E4C9-1F94-122C7CC4DDEF}"
EndProject
Project("{FAE04EC0-301F-11D3-BF4B-00C04F79EFBC}") = "Assembly-CSharp", "Assembly-CSharp.csproj", "{244D9DEA-2CBF-40F6-13FA-549C33C11C9C}"
EndProject
Project("{FAE04EC0-301F-11D3-BF4B-00C04F79EFBC}") = "AstarPathfindingProjectEditor", "AstarPathfindingProjectEditor.csproj", "{0E939C46-D546-9F1D-B9A5-A614DC40F046}"
EndProject
Project("{FAE04EC0-301F-11D3-BF4B-00C04F79EFBC}") = "PackageToolsEditor", "PackageToolsEditor.csproj", "{F454FED7-7EE9-3C15-7910-93F47181E0E0}"
EndProject
Global
	GlobalSection(SolutionConfigurationPlatforms) = preSolution
		Debug|Any CPU = Debug|Any CPU
		Release|Any CPU = Release|Any CPU
	EndGlobalSection
	GlobalSection(ProjectConfigurationPlatforms) = postSolution
		{46E9F6DA-BEAA-E4C9-1F94-122C7CC4DDEF}.Debug|Any CPU.ActiveCfg = Debug|Any CPU
		{46E9F6DA-BEAA-E4C9-1F94-122C7CC4DDEF}.Debug|Any CPU.Build.0 = Debug|Any CPU
		{46E9F6DA-BEAA-E4C9-1F94-122C7CC4DDEF}.Release|Any CPU.ActiveCfg = Release|Any CPU
		{46E9F6DA-BEAA-E4C9-1F94-122C7CC4DDEF}.Release|Any CPU.Build.0 = Release|Any CPU
		{244D9DEA-2CBF-40F6-13FA-549C33C11C9C}.Debug|Any CPU.ActiveCfg = Debug|Any CPU
		{244D9DEA-2CBF-40F6-13FA-549C33C11C9C}.Debug|Any CPU.Build.0 = Debug|Any CPU
		{244D9DEA-2CBF-40F6-13FA-549C33C11C9C}.Release|Any CPU.ActiveCfg = Release|Any CPU
		{244D9DEA-2CBF-40F6-13FA-549C33C11C9C}.Release|Any CPU.Build.0 = Release|Any CPU
		{0E939C46-D546-9F1D-B9A5-A614DC40F046}.Debug|Any CPU.ActiveCfg = Debug|Any CPU
		{0E939C46-D546-9F1D-B9A5-A614DC40F046}.Debug|Any CPU.Build.0 = Debug|Any CPU
		{0E939C46-D546-9F1D-B9A5-A614DC40F046}.Release|Any CPU.ActiveCfg = Release|Any CPU
		{0E939C46-D546-9F1D-B9A5-A614DC40F046}.Release|Any CPU.Build.0 = Release|Any CPU
		{F454FED7-7EE9-3C15-7910-93F47181E0E0}.Debug|Any CPU.ActiveCfg = Debug|Any CPU
		{F454FED7-7EE9-3C15-7910-93F47181E0E0}.Debug|Any CPU.Build.0 = Debug|Any CPU
		{F454FED7-7EE9-3C15-7910-93F47181E0E0}.Release|Any CPU.ActiveCfg = Release|Any CPU
		{F454FED7-7EE9-3C15-7910-93F47181E0E0}.Release|Any CPU.Build.0 = Release|Any CPU
	EndGlobalSection
	GlobalSection(SolutionProperties) = preSolution
		HideSolutionNode = FALSE
	EndGlobalSection
EndGlobal
